PODS:
  - AFNetworking (2.7.0):
    - AFNetworking/NSURLConnection (= 2.7.0)
    - AFNetworking/NSURLSession (= 2.7.0)
    - AFNetworking/Reachability (= 2.7.0)
    - AFNetworking/Security (= 2.7.0)
    - AFNetworking/Serialization (= 2.7.0)
    - AFNetworking/UIKit (= 2.7.0)
  - AFNetworking/NSURLConnection (2.7.0):
    - AFNetworking/Reachability
    - AFNetworking/Security
    - AFNetworking/Serialization
  - AFNetworking/NSURLSession (2.7.0):
    - AFNetworking/Reachability
    - AFNetworking/Security
    - AFNetworking/Serialization
  - AFNetworking/Reachability (2.7.0)
  - AFNetworking/Security (2.7.0)
  - AFNetworking/Serialization (2.7.0)
  - AFNetworking/UIKit (2.7.0):
    - AFNetworking/NSURLConnection
    - AFNetworking/NSURLSession
  - Alamofire (5.4.2)
  - AlamofireImage (4.2.0):
    - Alamofire (~> 5.4)
  - FBSnapshotTestCase (2.1.4):
    - FBSnapshotTestCase/SwiftSupport (= 2.1.4)
  - FBSnapshotTestCase/Core (2.1.4)
  - FBSnapshotTestCase/SwiftSupport (2.1.4):
    - FBSnapshotTestCase/Core
  - ModuloCommons (0.1.0):
    - Alamofire (~> 5.2)
    - AlamofireImage (~> 4.1)
  - ModuloDetalhes (0.1.0):
    - AFNetworking (~> 2.3)
    - Alamofire (~> 5.2)
    - AlamofireImage (~> 4.1)
    - ModuloCommons
  - SwiftLint (0.43.1)

DEPENDENCIES:
  - FBSnapshotTestCase (~> 2.1.4)
  - ModuloCommons (from `https://github.com/jonatttan/ModuloCommons.git`)
  - ModuloDetalhes (from `../`)
  - SwiftLint

SPEC REPOS:
  trunk:
    - AFNetworking
    - Alamofire
    - AlamofireImage
    - FBSnapshotTestCase
    - SwiftLint

EXTERNAL SOURCES:
  ModuloCommons:
    :git: https://github.com/jonatttan/ModuloCommons.git
  ModuloDetalhes:
    :path: "../"

CHECKOUT OPTIONS:
  ModuloCommons:
    :commit: cdbaf95ac3007314ccb5cad2437c21491ac7d4e7
    :git: https://github.com/jonatttan/ModuloCommons.git

SPEC CHECKSUMS:
  AFNetworking: 8dd5f9b9691e09186393069a12cc3b5ed7c8b511
  Alamofire: bfbc4c2fe5909b1d94fb4ef2277c6b3727ef5dae
  AlamofireImage: 34a2d90b0e5fe6a5605f85ae4b7b01e784c60192
  FBSnapshotTestCase: 094f9f314decbabe373b87cc339bea235a63e07a
  ModuloCommons: fe33464dc430261bc595a5666b18c8d6e5b4d2bd
  ModuloDetalhes: a62325520120e9f03e682b8dc27b6cb4b334d29b
  SwiftLint: 99f82d07b837b942dd563c668de129a03fc3fb52

PODFILE CHECKSUM: 8a901d99e11b665fb9df57a1843f120a2c40207e

COCOAPODS: 1.10.1
